// !$*UTF8*$!
{
	archiveVersion = 1;
	classes = {
	};
	objectVersion = 52;
	objects = {

/* Begin PBXBuildFile section */
		9BB4F5DE258706C2004F0BD6 /* KittstagramApp.swift in Sources */ = {isa = PBXBuildFile; fileRef = 9BB4F5DD258706C2004F0BD6 /* KittstagramApp.swift */; };
		9BB4F5E0258706C2004F0BD6 /* ContentListView.swift in Sources */ = {isa = PBXBuildFile; fileRef = 9BB4F5DF258706C2004F0BD6 /* ContentListView.swift */; };
		9BB4F5E2258706C5004F0BD6 /* Assets.xcassets in Resources */ = {isa = PBXBuildFile; fileRef = 9BB4F5E1258706C5004F0BD6 /* Assets.xcassets */; };
		9BB4F5E5258706C5004F0BD6 /* Preview Assets.xcassets in Resources */ = {isa = PBXBuildFile; fileRef = 9BB4F5E4258706C5004F0BD6 /* Preview Assets.xcassets */; };
		9BB4F5F0258706C6004F0BD6 /* KittstagramTests.swift in Sources */ = {isa = PBXBuildFile; fileRef = 9BB4F5EF258706C6004F0BD6 /* KittstagramTests.swift */; };
		9BB4F60D25870710004F0BD6 /* HankBytes in Frameworks */ = {isa = PBXBuildFile; productRef = 9BB4F60C25870710004F0BD6 /* HankBytes */; };
		9BB4F615258707DE004F0BD6 /* GeorgeView.swift in Sources */ = {isa = PBXBuildFile; fileRef = 9BB4F614258707DE004F0BD6 /* GeorgeView.swift */; };
		9BB4F61A258707E9004F0BD6 /* HankView.swift in Sources */ = {isa = PBXBuildFile; fileRef = 9BB4F619258707E9004F0BD6 /* HankView.swift */; };
		9BB4F61F25870819004F0BD6 /* BothView.swift in Sources */ = {isa = PBXBuildFile; fileRef = 9BB4F61E25870819004F0BD6 /* BothView.swift */; };
		9BB4F627258708A9004F0BD6 /* CatPhotoView.swift in Sources */ = {isa = PBXBuildFile; fileRef = 9BB4F626258708A9004F0BD6 /* CatPhotoView.swift */; };
		9BB4F63025871417004F0BD6 /* ByteView.swift in Sources */ = {isa = PBXBuildFile; fileRef = 9BB4F62F25871417004F0BD6 /* ByteView.swift */; };
		9BB4F636258714B3004F0BD6 /* ByteCollection.swift in Sources */ = {isa = PBXBuildFile; fileRef = 9BB4F635258714B3004F0BD6 /* ByteCollection.swift */; };
		9BB4F63D25871A08004F0BD6 /* Localizable.strings in Resources */ = {isa = PBXBuildFile; fileRef = 9BB4F63B25871A08004F0BD6 /* Localizable.strings */; };
/* End PBXBuildFile section */

/* Begin PBXContainerItemProxy section */
		9BB4F5EC258706C5004F0BD6 /* PBXContainerItemProxy */ = {
			isa = PBXContainerItemProxy;
			containerPortal = 9BB4F5D2258706C2004F0BD6 /* Project object */;
			proxyType = 1;
			remoteGlobalIDString = 9BB4F5D9258706C2004F0BD6;
			remoteInfo = Kittstagram;
		};
/* End PBXContainerItemProxy section */

/* Begin PBXFileReference section */
		9BB4F5DA258706C2004F0BD6 /* Kittstagram.app */ = {isa = PBXFileReference; explicitFileType = wrapper.application; includeInIndex = 0; path = Kittstagram.app; sourceTree = BUILT_PRODUCTS_DIR; };
		9BB4F5DD258706C2004F0BD6 /* KittstagramApp.swift */ = {isa = PBXFileReference; lastKnownFileType = sourcecode.swift; path = KittstagramApp.swift; sourceTree = "<group>"; };
		9BB4F5DF258706C2004F0BD6 /* ContentListView.swift */ = {isa = PBXFileReference; lastKnownFileType = sourcecode.swift; path = ContentListView.swift; sourceTree = "<group>"; };
		9BB4F5E1258706C5004F0BD6 /* Assets.xcassets */ = {isa = PBXFileReference; lastKnownFileType = folder.assetcatalog; path = Assets.xcassets; sourceTree = "<group>"; };
		9BB4F5E4258706C5004F0BD6 /* Preview Assets.xcassets */ = {isa = PBXFileReference; lastKnownFileType = folder.assetcatalog; path = "Preview Assets.xcassets"; sourceTree = "<group>"; };
		9BB4F5E6258706C5004F0BD6 /* Info.plist */ = {isa = PBXFileReference; lastKnownFileType = text.plist.xml; path = Info.plist; sourceTree = "<group>"; };
		9BB4F5EB258706C5004F0BD6 /* KittstagramTests.xctest */ = {isa = PBXFileReference; explicitFileType = wrapper.cfbundle; includeInIndex = 0; path = KittstagramTests.xctest; sourceTree = BUILT_PRODUCTS_DIR; };
		9BB4F5EF258706C6004F0BD6 /* KittstagramTests.swift */ = {isa = PBXFileReference; lastKnownFileType = sourcecode.swift; path = KittstagramTests.swift; sourceTree = "<group>"; };
		9BB4F5F1258706C6004F0BD6 /* Info.plist */ = {isa = PBXFileReference; lastKnownFileType = text.plist.xml; path = Info.plist; sourceTree = "<group>"; };
		9BB4F614258707DE004F0BD6 /* GeorgeView.swift */ = {isa = PBXFileReference; lastKnownFileType = sourcecode.swift; path = GeorgeView.swift; sourceTree = "<group>"; };
		9BB4F619258707E9004F0BD6 /* HankView.swift */ = {isa = PBXFileReference; lastKnownFileType = sourcecode.swift; path = HankView.swift; sourceTree = "<group>"; };
		9BB4F61E25870819004F0BD6 /* BothView.swift */ = {isa = PBXFileReference; lastKnownFileType = sourcecode.swift; path = BothView.swift; sourceTree = "<group>"; };
		9BB4F626258708A9004F0BD6 /* CatPhotoView.swift */ = {isa = PBXFileReference; lastKnownFileType = sourcecode.swift; path = CatPhotoView.swift; sourceTree = "<group>"; };
		9BB4F62F25871417004F0BD6 /* ByteView.swift */ = {isa = PBXFileReference; lastKnownFileType = sourcecode.swift; path = ByteView.swift; sourceTree = "<group>"; };
		9BB4F635258714B3004F0BD6 /* ByteCollection.swift */ = {isa = PBXFileReference; lastKnownFileType = sourcecode.swift; path = ByteCollection.swift; sourceTree = "<group>"; };
		9BB4F63C25871A08004F0BD6 /* nl */ = {isa = PBXFileReference; lastKnownFileType = text.plist.strings; name = nl; path = nl.lproj/Localizable.strings; sourceTree = "<group>"; };
		9BB4F64025871A15004F0BD6 /* en */ = {isa = PBXFileReference; lastKnownFileType = text.plist.strings; name = en; path = en.lproj/Localizable.strings; sourceTree = "<group>"; };
/* End PBXFileReference section */

/* Begin PBXFrameworksBuildPhase section */
		9BB4F5D7258706C2004F0BD6 /* Frameworks */ = {
			isa = PBXFrameworksBuildPhase;
			buildActionMask = 2147483647;
			files = (
				9BB4F60D25870710004F0BD6 /* HankBytes in Frameworks */,
			);
			runOnlyForDeploymentPostprocessing = 0;
		};
		9BB4F5E8258706C5004F0BD6 /* Frameworks */ = {
			isa = PBXFrameworksBuildPhase;
			buildActionMask = 2147483647;
			files = (
			);
			runOnlyForDeploymentPostprocessing = 0;
		};
/* End PBXFrameworksBuildPhase section */

/* Begin PBXGroup section */
		9BB4F5D1258706C2004F0BD6 = {
			isa = PBXGroup;
			children = (
				9BB4F5DC258706C2004F0BD6 /* Kittstagram */,
				9BB4F5EE258706C6004F0BD6 /* KittstagramTests */,
				9BB4F5DB258706C2004F0BD6 /* Products */,
			);
			sourceTree = "<group>";
		};
		9BB4F5DB258706C2004F0BD6 /* Products */ = {
			isa = PBXGroup;
			children = (
				9BB4F5DA258706C2004F0BD6 /* Kittstagram.app */,
				9BB4F5EB258706C5004F0BD6 /* KittstagramTests.xctest */,
			);
			name = Products;
			sourceTree = "<group>";
		};
		9BB4F5DC258706C2004F0BD6 /* Kittstagram */ = {
			isa = PBXGroup;
			children = (
				9BB4F5DD258706C2004F0BD6 /* KittstagramApp.swift */,
				9BB4F5DF258706C2004F0BD6 /* ContentListView.swift */,
				9BB4F614258707DE004F0BD6 /* GeorgeView.swift */,
				9BB4F619258707E9004F0BD6 /* HankView.swift */,
				9BB4F61E25870819004F0BD6 /* BothView.swift */,
				9BB4F626258708A9004F0BD6 /* CatPhotoView.swift */,
				9BB4F635258714B3004F0BD6 /* ByteCollection.swift */,
				9BB4F62F25871417004F0BD6 /* ByteView.swift */,
				9BB4F5E1258706C5004F0BD6 /* Assets.xcassets */,
				9BB4F5E6258706C5004F0BD6 /* Info.plist */,
				9BB4F5E3258706C5004F0BD6 /* Preview Content */,
				9BB4F63B25871A08004F0BD6 /* Localizable.strings */,
			);
			path = Kittstagram;
			sourceTree = "<group>";
		};
		9BB4F5E3258706C5004F0BD6 /* Preview Content */ = {
			isa = PBXGroup;
			children = (
				9BB4F5E4258706C5004F0BD6 /* Preview Assets.xcassets */,
			);
			path = "Preview Content";
			sourceTree = "<group>";
		};
		9BB4F5EE258706C6004F0BD6 /* KittstagramTests */ = {
			isa = PBXGroup;
			children = (
				9BB4F5EF258706C6004F0BD6 /* KittstagramTests.swift */,
				9BB4F5F1258706C6004F0BD6 /* Info.plist */,
			);
			path = KittstagramTests;
			sourceTree = "<group>";
		};
/* End PBXGroup section */

/* Begin PBXNativeTarget section */
		9BB4F5D9258706C2004F0BD6 /* Kittstagram */ = {
			isa = PBXNativeTarget;
			buildConfigurationList = 9BB4F5FF258706C6004F0BD6 /* Build configuration list for PBXNativeTarget "Kittstagram" */;
			buildPhases = (
				9BB4F5D6258706C2004F0BD6 /* Sources */,
				9BB4F5D7258706C2004F0BD6 /* Frameworks */,
				9BB4F5D8258706C2004F0BD6 /* Resources */,
				9BB4F64325872038004F0BD6 /* ShellScript */,
			);
			buildRules = (
			);
			dependencies = (
			);
			name = Kittstagram;
			packageProductDependencies = (
				9BB4F60C25870710004F0BD6 /* HankBytes */,
			);
			productName = Kittstagram;
			productReference = 9BB4F5DA258706C2004F0BD6 /* Kittstagram.app */;
			productType = "com.apple.product-type.application";
		};
		9BB4F5EA258706C5004F0BD6 /* KittstagramTests */ = {
			isa = PBXNativeTarget;
			buildConfigurationList = 9BB4F602258706C6004F0BD6 /* Build configuration list for PBXNativeTarget "KittstagramTests" */;
			buildPhases = (
				9BB4F5E7258706C5004F0BD6 /* Sources */,
				9BB4F5E8258706C5004F0BD6 /* Frameworks */,
				9BB4F5E9258706C5004F0BD6 /* Resources */,
			);
			buildRules = (
			);
			dependencies = (
				9BB4F5ED258706C5004F0BD6 /* PBXTargetDependency */,
			);
			name = KittstagramTests;
			productName = KittstagramTests;
			productReference = 9BB4F5EB258706C5004F0BD6 /* KittstagramTests.xctest */;
			productType = "com.apple.product-type.bundle.unit-test";
		};
/* End PBXNativeTarget section */

/* Begin PBXProject section */
		9BB4F5D2258706C2004F0BD6 /* Project object */ = {
			isa = PBXProject;
			attributes = {
				LastSwiftUpdateCheck = 1220;
				LastUpgradeCheck = 1230;
				TargetAttributes = {
					9BB4F5D9258706C2004F0BD6 = {
						CreatedOnToolsVersion = 12.2;
					};
					9BB4F5EA258706C5004F0BD6 = {
						CreatedOnToolsVersion = 12.2;
						TestTargetID = 9BB4F5D9258706C2004F0BD6;
					};
				};
			};
			buildConfigurationList = 9BB4F5D5258706C2004F0BD6 /* Build configuration list for PBXProject "Kittstagram" */;
			compatibilityVersion = "Xcode 9.3";
			developmentRegion = en;
			hasScannedForEncodings = 0;
			knownRegions = (
				en,
				Base,
				nl,
			);
			mainGroup = 9BB4F5D1258706C2004F0BD6;
			packageReferences = (
				9BB4F60B25870710004F0BD6 /* XCRemoteSwiftPackageReference "HankBytes" */,
			);
			productRefGroup = 9BB4F5DB258706C2004F0BD6 /* Products */;
			projectDirPath = "";
			projectRoot = "";
			targets = (
				9BB4F5D9258706C2004F0BD6 /* Kittstagram */,
				9BB4F5EA258706C5004F0BD6 /* KittstagramTests */,
			);
		};
/* End PBXProject section */

/* Begin PBXResourcesBuildPhase section */
		9BB4F5D8258706C2004F0BD6 /* Resources */ = {
			isa = PBXResourcesBuildPhase;
			buildActionMask = 2147483647;
			files = (
				9BB4F5E5258706C5004F0BD6 /* Preview Assets.xcassets in Resources */,
				9BB4F63D25871A08004F0BD6 /* Localizable.strings in Resources */,
				9BB4F5E2258706C5004F0BD6 /* Assets.xcassets in Resources */,
			);
			runOnlyForDeploymentPostprocessing = 0;
		};
		9BB4F5E9258706C5004F0BD6 /* Resources */ = {
			isa = PBXResourcesBuildPhase;
			buildActionMask = 2147483647;
			files = (
			);
			runOnlyForDeploymentPostprocessing = 0;
		};
/* End PBXResourcesBuildPhase section */

/* Begin PBXShellScriptBuildPhase section */
		9BB4F64325872038004F0BD6 /* ShellScript */ = {
			isa = PBXShellScriptBuildPhase;
			buildActionMask = 2147483647;
			files = (
			);
			inputFileListPaths = (
			);
			inputPaths = (
			);
			outputFileListPaths = (
			);
			outputPaths = (
			);
			runOnlyForDeploymentPostprocessing = 0;
			shellPath = /bin/sh;
			shellScript = "# Type a script or drag a script file from your workspace to insert its path.\n";
		};
/* End PBXShellScriptBuildPhase section */

/* Begin PBXSourcesBuildPhase section */
		9BB4F5D6258706C2004F0BD6 /* Sources */ = {
			isa = PBXSourcesBuildPhase;
			buildActionMask = 2147483647;
			files = (
				9BB4F627258708A9004F0BD6 /* CatPhotoView.swift in Sources */,
				9BB4F5E0258706C2004F0BD6 /* ContentListView.swift in Sources */,
				9BB4F63025871417004F0BD6 /* ByteView.swift in Sources */,
				9BB4F5DE258706C2004F0BD6 /* KittstagramApp.swift in Sources */,
				9BB4F61A258707E9004F0BD6 /* HankView.swift in Sources */,
				9BB4F61F25870819004F0BD6 /* BothView.swift in Sources */,
				9BB4F615258707DE004F0BD6 /* GeorgeView.swift in Sources */,
				9BB4F636258714B3004F0BD6 /* ByteCollection.swift in Sources */,
			);
			runOnlyForDeploymentPostprocessing = 0;
		};
		9BB4F5E7258706C5004F0BD6 /* Sources */ = {
			isa = PBXSourcesBuildPhase;
			buildActionMask = 2147483647;
			files = (
				9BB4F5F0258706C6004F0BD6 /* KittstagramTests.swift in Sources */,
			);
			runOnlyForDeploymentPostprocessing = 0;
		};
/* End PBXSourcesBuildPhase section */

/* Begin PBXTargetDependency section */
		9BB4F5ED258706C5004F0BD6 /* PBXTargetDependency */ = {
			isa = PBXTargetDependency;
			target = 9BB4F5D9258706C2004F0BD6 /* Kittstagram */;
			targetProxy = 9BB4F5EC258706C5004F0BD6 /* PBXContainerItemProxy */;
		};
/* End PBXTargetDependency section */

/* Begin PBXVariantGroup section */
		9BB4F63B25871A08004F0BD6 /* Localizable.strings */ = {
			isa = PBXVariantGroup;
			children = (
				9BB4F63C25871A08004F0BD6 /* nl */,
				9BB4F64025871A15004F0BD6 /* en */,
			);
			name = Localizable.strings;
			sourceTree = "<group>";
		};
/* End PBXVariantGroup section */

/* Begin XCBuildConfiguration section */
		9BB4F5FD258706C6004F0BD6 /* Debug */ = {
			isa = XCBuildConfiguration;
			buildSettings = {
				ALWAYS_SEARCH_USER_PATHS = NO;
				CLANG_ANALYZER_NONNULL = YES;
				CLANG_ANALYZER_NUMBER_OBJECT_CONVERSION = YES_AGGRESSIVE;
				CLANG_CXX_LANGUAGE_STANDARD = "gnu++14";
				CLANG_CXX_LIBRARY = "libc++";
				CLANG_ENABLE_MODULES = YES;
				CLANG_ENABLE_OBJC_ARC = YES;
				CLANG_ENABLE_OBJC_WEAK = YES;
				CLANG_WARN_BLOCK_CAPTURE_AUTORELEASING = YES;
				CLANG_WARN_BOOL_CONVERSION = YES;
				CLANG_WARN_COMMA = YES;
				CLANG_WARN_CONSTANT_CONVERSION = YES;
				CLANG_WARN_DEPRECATED_OBJC_IMPLEMENTATIONS = YES;
				CLANG_WARN_DIRECT_OBJC_ISA_USAGE = YES_ERROR;
				CLANG_WARN_DOCUMENTATION_COMMENTS = YES;
				CLANG_WARN_EMPTY_BODY = YES;
				CLANG_WARN_ENUM_CONVERSION = YES;
				CLANG_WARN_INFINITE_RECURSION = YES;
				CLANG_WARN_INT_CONVERSION = YES;
				CLANG_WARN_NON_LITERAL_NULL_CONVERSION = YES;
				CLANG_WARN_OBJC_IMPLICIT_RETAIN_SELF = YES;
				CLANG_WARN_OBJC_LITERAL_CONVERSION = YES;
				CLANG_WARN_OBJC_ROOT_CLASS = YES_ERROR;
				CLANG_WARN_QUOTED_INCLUDE_IN_FRAMEWORK_HEADER = YES;
				CLANG_WARN_RANGE_LOOP_ANALYSIS = YES;
				CLANG_WARN_STRICT_PROTOTYPES = YES;
				CLANG_WARN_SUSPICIOUS_MOVE = YES;
				CLANG_WARN_UNGUARDED_AVAILABILITY = YES_AGGRESSIVE;
				CLANG_WARN_UNREACHABLE_CODE = YES;
				CLANG_WARN__DUPLICATE_METHOD_MATCH = YES;
				COPY_PHASE_STRIP = NO;
				DEBUG_INFORMATION_FORMAT = dwarf;
				ENABLE_STRICT_OBJC_MSGSEND = YES;
				ENABLE_TESTABILITY = YES;
				GCC_C_LANGUAGE_STANDARD = gnu11;
				GCC_DYNAMIC_NO_PIC = NO;
				GCC_NO_COMMON_BLOCKS = YES;
				GCC_OPTIMIZATION_LEVEL = 0;
				GCC_PREPROCESSOR_DEFINITIONS = (
					"DEBUG=1",
					"$(inherited)",
				);
				GCC_WARN_64_TO_32_BIT_CONVERSION = YES;
				GCC_WARN_ABOUT_RETURN_TYPE = YES_ERROR;
				GCC_WARN_UNDECLARED_SELECTOR = YES;
				GCC_WARN_UNINITIALIZED_AUTOS = YES_AGGRESSIVE;
				GCC_WARN_UNUSED_FUNCTION = YES;
				GCC_WARN_UNUSED_VARIABLE = YES;
				IPHONEOS_DEPLOYMENT_TARGET = 14.0;
				MTL_ENABLE_DEBUG_INFO = INCLUDE_SOURCE;
				MTL_FAST_MATH = YES;
				ONLY_ACTIVE_ARCH = YES;
				SDKROOT = iphoneos;
				SWIFT_ACTIVE_COMPILATION_CONDITIONS = DEBUG;
				SWIFT_OPTIMIZATION_LEVEL = "-Onone";
			};
			name = Debug;
		};
		9BB4F5FE258706C6004F0BD6 /* Release */ = {
			isa = XCBuildConfiguration;
			buildSettings = {
				ALWAYS_SEARCH_USER_PATHS = NO;
				CLANG_ANALYZER_NONNULL = YES;
				CLANG_ANALYZER_NUMBER_OBJECT_CONVERSION = YES_AGGRESSIVE;
				CLANG_CXX_LANGUAGE_STANDARD = "gnu++14";
				CLANG_CXX_LIBRARY = "libc++";
				CLANG_ENABLE_MODULES = YES;
				CLANG_ENABLE_OBJC_ARC = YES;
				CLANG_ENABLE_OBJC_WEAK = YES;
				CLANG_WARN_BLOCK_CAPTURE_AUTORELEASING = YES;
				CLANG_WARN_BOOL_CONVERSION = YES;
				CLANG_WARN_COMMA = YES;
				CLANG_WARN_CONSTANT_CONVERSION = YES;
				CLANG_WARN_DEPRECATED_OBJC_IMPLEMENTATIONS = YES;
				CLANG_WARN_DIRECT_OBJC_ISA_USAGE = YES_ERROR;
				CLANG_WARN_DOCUMENTATION_COMMENTS = YES;
				CLANG_WARN_EMPTY_BODY = YES;
				CLANG_WARN_ENUM_CONVERSION = YES;
				CLANG_WARN_INFINITE_RECURSION = YES;
				CLANG_WARN_INT_CONVERSION = YES;
				CLANG_WARN_NON_LITERAL_NULL_CONVERSION = YES;
				CLANG_WARN_OBJC_IMPLICIT_RETAIN_SELF = YES;
				CLANG_WARN_OBJC_LITERAL_CONVERSION = YES;
				CLANG_WARN_OBJC_ROOT_CLASS = YES_ERROR;
				CLANG_WARN_QUOTED_INCLUDE_IN_FRAMEWORK_HEADER = YES;
				CLANG_WARN_RANGE_LOOP_ANALYSIS = YES;
				CLANG_WARN_STRICT_PROTOTYPES = YES;
				CLANG_WARN_SUSPICIOUS_MOVE = YES;
				CLANG_WARN_UNGUARDED_AVAILABILITY = YES_AGGRESSIVE;
				CLANG_WARN_UNREACHABLE_CODE = YES;
				CLANG_WARN__DUPLICATE_METHOD_MATCH = YES;
				COPY_PHASE_STRIP = NO;
				DEBUG_INFORMATION_FORMAT = "dwarf-with-dsym";
				ENABLE_NS_ASSERTIONS = NO;
				ENABLE_STRICT_OBJC_MSGSEND = YES;
				GCC_C_LANGUAGE_STANDARD = gnu11;
				GCC_NO_COMMON_BLOCKS = YES;
				GCC_WARN_64_TO_32_BIT_CONVERSION = YES;
				GCC_WARN_ABOUT_RETURN_TYPE = YES_ERROR;
				GCC_WARN_UNDECLARED_SELECTOR = YES;
				GCC_WARN_UNINITIALIZED_AUTOS = YES_AGGRESSIVE;
				GCC_WARN_UNUSED_FUNCTION = YES;
				GCC_WARN_UNUSED_VARIABLE = YES;
				IPHONEOS_DEPLOYMENT_TARGET = 14.0;
				MTL_ENABLE_DEBUG_INFO = NO;
				MTL_FAST_MATH = YES;
				SDKROOT = iphoneos;
				SWIFT_COMPILATION_MODE = wholemodule;
				SWIFT_OPTIMIZATION_LEVEL = "-O";
				VALIDATE_PRODUCT = YES;
			};
			name = Release;
		};
		9BB4F600258706C6004F0BD6 /* Debug */ = {
			isa = XCBuildConfiguration;
			buildSettings = {
				ASSETCATALOG_COMPILER_APPICON_NAME = AppIcon;
				ASSETCATALOG_COMPILER_GLOBAL_ACCENT_COLOR_NAME = AccentColor;
				CODE_SIGN_STYLE = Automatic;
				DEVELOPMENT_ASSET_PATHS = "\"Kittstagram/Preview Content\"";
				ENABLE_PREVIEWS = YES;
				INFOPLIST_FILE = Kittstagram/Info.plist;
				IPHONEOS_DEPLOYMENT_TARGET = 14.0;
				LD_RUNPATH_SEARCH_PATHS = (
					"$(inherited)",
					"@executable_path/Frameworks",
				);
				PRODUCT_BUNDLE_IDENTIFIER = com.designatednerd.Kittstagram;
				PRODUCT_NAME = "$(TARGET_NAME)";
				SWIFT_VERSION = 5.0;
				TARGETED_DEVICE_FAMILY = "1,2";
			};
			name = Debug;
		};
		9BB4F601258706C6004F0BD6 /* Release */ = {
			isa = XCBuildConfiguration;
			buildSettings = {
				ASSETCATALOG_COMPILER_APPICON_NAME = AppIcon;
				ASSETCATALOG_COMPILER_GLOBAL_ACCENT_COLOR_NAME = AccentColor;
				CODE_SIGN_STYLE = Automatic;
				DEVELOPMENT_ASSET_PATHS = "\"Kittstagram/Preview Content\"";
				ENABLE_PREVIEWS = YES;
				INFOPLIST_FILE = Kittstagram/Info.plist;
				IPHONEOS_DEPLOYMENT_TARGET = 14.0;
				LD_RUNPATH_SEARCH_PATHS = (
					"$(inherited)",
					"@executable_path/Frameworks",
				);
				PRODUCT_BUNDLE_IDENTIFIER = com.designatednerd.Kittstagram;
				PRODUCT_NAME = "$(TARGET_NAME)";
				SWIFT_VERSION = 5.0;
				TARGETED_DEVICE_FAMILY = "1,2";
			};
			name = Release;
		};
		9BB4F603258706C6004F0BD6 /* Debug */ = {
			isa = XCBuildConfiguration;
			buildSettings = {
				ALWAYS_EMBED_SWIFT_STANDARD_LIBRARIES = YES;
				BUNDLE_LOADER = "$(TEST_HOST)";
				CODE_SIGN_STYLE = Automatic;
				INFOPLIST_FILE = KittstagramTests/Info.plist;
				IPHONEOS_DEPLOYMENT_TARGET = 14.0;
				LD_RUNPATH_SEARCH_PATHS = (
					"$(inherited)",
					"@executable_path/Frameworks",
					"@loader_path/Frameworks",
				);
				PRODUCT_BUNDLE_IDENTIFIER = com.designatednerd.KittstagramTests;
				PRODUCT_NAME = "$(TARGET_NAME)";
				SWIFT_VERSION = 5.0;
				TARGETED_DEVICE_FAMILY = "1,2";
				TEST_HOST = "$(BUILT_PRODUCTS_DIR)/Kittstagram.app/Kittstagram";
			};
			name = Debug;
		};
		9BB4F604258706C6004F0BD6 /* Release */ = {
			isa = XCBuildConfiguration;
			buildSettings = {
				ALWAYS_EMBED_SWIFT_STANDARD_LIBRARIES = YES;
				BUNDLE_LOADER = "$(TEST_HOST)";
				CODE_SIGN_STYLE = Automatic;
				INFOPLIST_FILE = KittstagramTests/Info.plist;
				IPHONEOS_DEPLOYMENT_TARGET = 14.0;
				LD_RUNPATH_SEARCH_PATHS = (
					"$(inherited)",
					"@executable_path/Frameworks",
					"@loader_path/Frameworks",
				);
				PRODUCT_BUNDLE_IDENTIFIER = com.designatednerd.KittstagramTests;
				PRODUCT_NAME = "$(TARGET_NAME)";
				SWIFT_VERSION = 5.0;
				TARGETED_DEVICE_FAMILY = "1,2";
				TEST_HOST = "$(BUILT_PRODUCTS_DIR)/Kittstagram.app/Kittstagram";
			};
			name = Release;
		};
/* End XCBuildConfiguration section */

/* Begin XCConfigurationList section */
		9BB4F5D5258706C2004F0BD6 /* Build configuration list for PBXProject "Kittstagram" */ = {
			isa = XCConfigurationList;
			buildConfigurations = (
				9BB4F5FD258706C6004F0BD6 /* Debug */,
				9BB4F5FE258706C6004F0BD6 /* Release */,
			);
			defaultConfigurationIsVisible = 0;
			defaultConfigurationName = Release;
		};
		9BB4F5FF258706C6004F0BD6 /* Build configuration list for PBXNativeTarget "Kittstagram" */ = {
			isa = XCConfigurationList;
			buildConfigurations = (
				9BB4F600258706C6004F0BD6 /* Debug */,
				9BB4F601258706C6004F0BD6 /* Release */,
			);
			defaultConfigurationIsVisible = 0;
			defaultConfigurationName = Release;
		};
		9BB4F602258706C6004F0BD6 /* Build configuration list for PBXNativeTarget "KittstagramTests" */ = {
			isa = XCConfigurationList;
			buildConfigurations = (
				9BB4F603258706C6004F0BD6 /* Debug */,
				9BB4F604258706C6004F0BD6 /* Release */,
			);
			defaultConfigurationIsVisible = 0;
			defaultConfigurationName = Release;
		};
/* End XCConfigurationList section */

/* Begin XCRemoteSwiftPackageReference section */
		9BB4F60B25870710004F0BD6 /* XCRemoteSwiftPackageReference "HankBytes" */ = {
			isa = XCRemoteSwiftPackageReference;
			repositoryURL = "https://github.com/designatednerd/HankBytes.git";
			requirement = {
				kind = upToNextMajorVersion;
				minimumVersion = 0.0.2;
			};
		};
/* End XCRemoteSwiftPackageReference section */

/* Begin XCSwiftPackageProductDependency section */
		9BB4F60C25870710004F0BD6 /* HankBytes */ = {
			isa = XCSwiftPackageProductDependency;
			package = 9BB4F60B25870710004F0BD6 /* XCRemoteSwiftPackageReference "HankBytes" */;
			productName = HankBytes;
		};
/* End XCSwiftPackageProductDependency section */
	};
	rootObject = 9BB4F5D2258706C2004F0BD6 /* Project object */;
}
